// !$*UTF8*$!
{
	archiveVersion = 1;
	classes = {
	};
	objectVersion = 46;
	objects = {

/* Begin PBXBuildFile section */
		56B8B9B11CFDC4A4009F900E /* main.m in Sources */ = {isa = PBXBuildFile; fileRef = 56B8B9B01CFDC4A4009F900E /* main.m */; };
		56B8B9B41CFDC4A4009F900E /* AppDelegate.m in Sources */ = {isa = PBXBuildFile; fileRef = 56B8B9B31CFDC4A4009F900E /* AppDelegate.m */; };
		56B8B9B71CFDC4A4009F900E /* ViewController.m in Sources */ = {isa = PBXBuildFile; fileRef = 56B8B9B61CFDC4A4009F900E /* ViewController.m */; };
		56B8B9BA1CFDC4A4009F900E /* Main.storyboard in Resources */ = {isa = PBXBuildFile; fileRef = 56B8B9B81CFDC4A4009F900E /* Main.storyboard */; };
		56B8B9BC1CFDC4A4009F900E /* Assets.xcassets in Resources */ = {isa = PBXBuildFile; fileRef = 56B8B9BB1CFDC4A4009F900E /* Assets.xcassets */; };
		56B8B9BF1CFDC4A4009F900E /* LaunchScreen.storyboard in Resources */ = {isa = PBXBuildFile; fileRef = 56B8B9BD1CFDC4A4009F900E /* LaunchScreen.storyboard */; };
		56B8B9CA1CFDC4A4009F900E /* RuntimeArchiverDemoTests.m in Sources */ = {isa = PBXBuildFile; fileRef = 56B8B9C91CFDC4A4009F900E /* RuntimeArchiverDemoTests.m */; };
		56B8B9D51CFDC4A4009F900E /* RuntimeArchiverDemoUITests.m in Sources */ = {isa = PBXBuildFile; fileRef = 56B8B9D41CFDC4A4009F900E /* RuntimeArchiverDemoUITests.m */; };
		56B8B9E41CFDC4D4009F900E /* APBaseModel.m in Sources */ = {isa = PBXBuildFile; fileRef = 56B8B9E31CFDC4D4009F900E /* APBaseModel.m */; };
		56B8B9E71CFDC4E4009F900E /* APStudent.m in Sources */ = {isa = PBXBuildFile; fileRef = 56B8B9E61CFDC4E4009F900E /* APStudent.m */; };
/* End PBXBuildFile section */

/* Begin PBXContainerItemProxy section */
		56B8B9C61CFDC4A4009F900E /* PBXContainerItemProxy */ = {
			isa = PBXContainerItemProxy;
			containerPortal = 56B8B9A41CFDC4A3009F900E /* Project object */;
			proxyType = 1;
			remoteGlobalIDString = 56B8B9AB1CFDC4A3009F900E;
			remoteInfo = RuntimeArchiverDemo;
		};
		56B8B9D11CFDC4A4009F900E /* PBXContainerItemProxy */ = {
			isa = PBXContainerItemProxy;
			containerPortal = 56B8B9A41CFDC4A3009F900E /* Project object */;
			proxyType = 1;
			remoteGlobalIDString = 56B8B9AB1CFDC4A3009F900E;
			remoteInfo = RuntimeArchiverDemo;
		};
/* End PBXContainerItemProxy section */

/* Begin PBXFileReference section */
		56B8B9AC1CFDC4A3009F900E /* RuntimeArchiverDemo.app */ = {isa = PBXFileReference; explicitFileType = wrapper.application; includeInIndex = 0; path = RuntimeArchiverDemo.app; sourceTree = BUILT_PRODUCTS_DIR; };
		56B8B9B01CFDC4A4009F900E /* main.m */ = {isa = PBXFileReference; lastKnownFileType = sourcecode.c.objc; path = main.m; sourceTree = "<group>"; };
		56B8B9B21CFDC4A4009F900E /* AppDelegate.h */ = {isa = PBXFileReference; lastKnownFileType = sourcecode.c.h; path = AppDelegate.h; sourceTree = "<group>"; };
		56B8B9B31CFDC4A4009F900E /* AppDelegate.m */ = {isa = PBXFileReference; lastKnownFileType = sourcecode.c.objc; path = AppDelegate.m; sourceTree = "<group>"; };
		56B8B9B51CFDC4A4009F900E /* ViewController.h */ = {isa = PBXFileReference; lastKnownFileType = sourcecode.c.h; path = ViewController.h; sourceTree = "<group>"; };
		56B8B9B61CFDC4A4009F900E /* ViewController.m */ = {isa = PBXFileReference; lastKnownFileType = sourcecode.c.objc; path = ViewController.m; sourceTree = "<group>"; };
		56B8B9B91CFDC4A4009F900E /* Base */ = {isa = PBXFileReference; lastKnownFileType = file.storyboard; name = Base; path = Base.lproj/Main.storyboard; sourceTree = "<group>"; };
		56B8B9BB1CFDC4A4009F900E /* Assets.xcassets */ = {isa = PBXFileReference; lastKnownFileType = folder.assetcatalog; path = Assets.xcassets; sourceTree = "<group>"; };
		56B8B9BE1CFDC4A4009F900E /* Base */ = {isa = PBXFileReference; lastKnownFileType = file.storyboard; name = Base; path = Base.lproj/LaunchScreen.storyboard; sourceTree = "<group>"; };
		56B8B9C01CFDC4A4009F900E /* Info.plist */ = {isa = PBXFileReference; lastKnownFileType = text.plist.xml; path = Info.plist; sourceTree = "<group>"; };
		56B8B9C51CFDC4A4009F900E /* RuntimeArchiverDemoTests.xctest */ = {isa = PBXFileReference; explicitFileType = wrapper.cfbundle; includeInIndex = 0; path = RuntimeArchiverDemoTests.xctest; sourceTree = BUILT_PRODUCTS_DIR; };
		56B8B9C91CFDC4A4009F900E /* RuntimeArchiverDemoTests.m */ = {isa = PBXFileReference; lastKnownFileType = sourcecode.c.objc; path = RuntimeArchiverDemoTests.m; sourceTree = "<group>"; };
		56B8B9CB1CFDC4A4009F900E /* Info.plist */ = {isa = PBXFileReference; lastKnownFileType = text.plist.xml; path = Info.plist; sourceTree = "<group>"; };
		56B8B9D01CFDC4A4009F900E /* RuntimeArchiverDemoUITests.xctest */ = {isa = PBXFileReference; explicitFileType = wrapper.cfbundle; includeInIndex = 0; path = RuntimeArchiverDemoUITests.xctest; sourceTree = BUILT_PRODUCTS_DIR; };
		56B8B9D41CFDC4A4009F900E /* RuntimeArchiverDemoUITests.m */ = {isa = PBXFileReference; lastKnownFileType = sourcecode.c.objc; path = RuntimeArchiverDemoUITests.m; sourceTree = "<group>"; };
		56B8B9D61CFDC4A4009F900E /* Info.plist */ = {isa = PBXFileReference; lastKnownFileType = text.plist.xml; path = Info.plist; sourceTree = "<group>"; };
		56B8B9E21CFDC4D4009F900E /* APBaseModel.h */ = {isa = PBXFileReference; fileEncoding = 4; lastKnownFileType = sourcecode.c.h; path = APBaseModel.h; sourceTree = "<group>"; };
		56B8B9E31CFDC4D4009F900E /* APBaseModel.m */ = {isa = PBXFileReference; fileEncoding = 4; lastKnownFileType = sourcecode.c.objc; path = APBaseModel.m; sourceTree = "<group>"; };
		56B8B9E51CFDC4E4009F900E /* APStudent.h */ = {isa = PBXFileReference; fileEncoding = 4; lastKnownFileType = sourcecode.c.h; path = APStudent.h; sourceTree = "<group>"; };
		56B8B9E61CFDC4E4009F900E /* APStudent.m */ = {isa = PBXFileReference; fileEncoding = 4; lastKnownFileType = sourcecode.c.objc; path = APStudent.m; sourceTree = "<group>"; };
/* End PBXFileReference section */

/* Begin PBXFrameworksBuildPhase section */
		56B8B9A91CFDC4A3009F900E /* Frameworks */ = {
			isa = PBXFrameworksBuildPhase;
			buildActionMask = 2147483647;
			files = (
			);
			runOnlyForDeploymentPostprocessing = 0;
		};
		56B8B9C21CFDC4A4009F900E /* Frameworks */ = {
			isa = PBXFrameworksBuildPhase;
			buildActionMask = 2147483647;
			files = (
			);
			runOnlyForDeploymentPostprocessing = 0;
		};
		56B8B9CD1CFDC4A4009F900E /* Frameworks */ = {
			isa = PBXFrameworksBuildPhase;
			buildActionMask = 2147483647;
			files = (
			);
			runOnlyForDeploymentPostprocessing = 0;
		};
/* End PBXFrameworksBuildPhase section */

/* Begin PBXGroup section */
		56B8B9A31CFDC4A3009F900E = {
			isa = PBXGroup;
			children = (
				56B8B9AE1CFDC4A4009F900E /* RuntimeArchiverDemo */,
				56B8B9C81CFDC4A4009F900E /* RuntimeArchiverDemoTests */,
				56B8B9D31CFDC4A4009F900E /* RuntimeArchiverDemoUITests */,
				56B8B9AD1CFDC4A3009F900E /* Products */,
			);
			sourceTree = "<group>";
		};
		56B8B9AD1CFDC4A3009F900E /* Products */ = {
			isa = PBXGroup;
			children = (
				56B8B9AC1CFDC4A3009F900E /* RuntimeArchiverDemo.app */,
				56B8B9C51CFDC4A4009F900E /* RuntimeArchiverDemoTests.xctest */,
				56B8B9D01CFDC4A4009F900E /* RuntimeArchiverDemoUITests.xctest */,
			);
			name = Products;
			sourceTree = "<group>";
		};
		56B8B9AE1CFDC4A4009F900E /* RuntimeArchiverDemo */ = {
			isa = PBXGroup;
			children = (
				56B8B9E51CFDC4E4009F900E /* APStudent.h */,
				56B8B9E61CFDC4E4009F900E /* APStudent.m */,
				56B8B9B21CFDC4A4009F900E /* AppDelegate.h */,
				56B8B9B31CFDC4A4009F900E /* AppDelegate.m */,
				56B8B9B51CFDC4A4009F900E /* ViewController.h */,
				56B8B9B61CFDC4A4009F900E /* ViewController.m */,
				56B8B9E21CFDC4D4009F900E /* APBaseModel.h */,
				56B8B9E31CFDC4D4009F900E /* APBaseModel.m */,
				56B8B9B81CFDC4A4009F900E /* Main.storyboard */,
				56B8B9BB1CFDC4A4009F900E /* Assets.xcassets */,
				56B8B9BD1CFDC4A4009F900E /* LaunchScreen.storyboard */,
				56B8B9C01CFDC4A4009F900E /* Info.plist */,
				56B8B9AF1CFDC4A4009F900E /* Supporting Files */,
			);
			path = RuntimeArchiverDemo;
			sourceTree = "<group>";
		};
		56B8B9AF1CFDC4A4009F900E /* Supporting Files */ = {
			isa = PBXGroup;
			children = (
				56B8B9B01CFDC4A4009F900E /* main.m */,
			);
			name = "Supporting Files";
			sourceTree = "<group>";
		};
		56B8B9C81CFDC4A4009F900E /* RuntimeArchiverDemoTests */ = {
			isa = PBXGroup;
			children = (
				56B8B9C91CFDC4A4009F900E /* RuntimeArchiverDemoTests.m */,
				56B8B9CB1CFDC4A4009F900E /* Info.plist */,
			);
			path = RuntimeArchiverDemoTests;
			sourceTree = "<group>";
		};
		56B8B9D31CFDC4A4009F900E /* RuntimeArchiverDemoUITests */ = {
			isa = PBXGroup;
			children = (
				56B8B9D41CFDC4A4009F900E /* RuntimeArchiverDemoUITests.m */,
				56B8B9D61CFDC4A4009F900E /* Info.plist */,
			);
			path = RuntimeArchiverDemoUITests;
			sourceTree = "<group>";
		};
/* End PBXGroup section */

/* Begin PBXNativeTarget section */
		56B8B9AB1CFDC4A3009F900E /* RuntimeArchiverDemo */ = {
			isa = PBXNativeTarget;
			buildConfigurationList = 56B8B9D91CFDC4A4009F900E /* Build configuration list for PBXNativeTarget "RuntimeArchiverDemo" */;
			buildPhases = (
				56B8B9A81CFDC4A3009F900E /* Sources */,
				56B8B9A91CFDC4A3009F900E /* Frameworks */,
				56B8B9AA1CFDC4A3009F900E /* Resources */,
			);
			buildRules = (
			);
			dependencies = (
			);
			name = RuntimeArchiverDemo;
			productName = RuntimeArchiverDemo;
			productReference = 56B8B9AC1CFDC4A3009F900E /* RuntimeArchiverDemo.app */;
			productType = "com.apple.product-type.application";
		};
		56B8B9C41CFDC4A4009F900E /* RuntimeArchiverDemoTests */ = {
			isa = PBXNativeTarget;
			buildConfigurationList = 56B8B9DC1CFDC4A4009F900E /* Build configuration list for PBXNativeTarget "RuntimeArchiverDemoTests" */;
			buildPhases = (
				56B8B9C11CFDC4A4009F900E /* Sources */,
				56B8B9C21CFDC4A4009F900E /* Frameworks */,
				56B8B9C31CFDC4A4009F900E /* Resources */,
			);
			buildRules = (
			);
			dependencies = (
				56B8B9C71CFDC4A4009F900E /* PBXTargetDependency */,
			);
			name = RuntimeArchiverDemoTests;
			productName = RuntimeArchiverDemoTests;
			productReference = 56B8B9C51CFDC4A4009F900E /* RuntimeArchiverDemoTests.xctest */;
			productType = "com.apple.product-type.bundle.unit-test";
		};
		56B8B9CF1CFDC4A4009F900E /* RuntimeArchiverDemoUITests */ = {
			isa = PBXNativeTarget;
			buildConfigurationList = 56B8B9DF1CFDC4A4009F900E /* Build configuration list for PBXNativeTarget "RuntimeArchiverDemoUITests" */;
			buildPhases = (
				56B8B9CC1CFDC4A4009F900E /* Sources */,
				56B8B9CD1CFDC4A4009F900E /* Frameworks */,
				56B8B9CE1CFDC4A4009F900E /* Resources */,
			);
			buildRules = (
			);
			dependencies = (
				56B8B9D21CFDC4A4009F900E /* PBXTargetDependency */,
			);
			name = RuntimeArchiverDemoUITests;
			productName = RuntimeArchiverDemoUITests;
			productReference = 56B8B9D01CFDC4A4009F900E /* RuntimeArchiverDemoUITests.xctest */;
			productType = "com.apple.product-type.bundle.ui-testing";
		};
/* End PBXNativeTarget section */

/* Begin PBXProject section */
		56B8B9A41CFDC4A3009F900E /* Project object */ = {
			isa = PBXProject;
			attributes = {
				LastUpgradeCheck = 0730;
				ORGANIZATIONNAME = "安鹏";
				TargetAttributes = {
					56B8B9AB1CFDC4A3009F900E = {
						CreatedOnToolsVersion = 7.3;
					};
					56B8B9C41CFDC4A4009F900E = {
						CreatedOnToolsVersion = 7.3;
						TestTargetID = 56B8B9AB1CFDC4A3009F900E;
					};
					56B8B9CF1CFDC4A4009F900E = {
						CreatedOnToolsVersion = 7.3;
						TestTargetID = 56B8B9AB1CFDC4A3009F900E;
					};
				};
			};
			buildConfigurationList = 56B8B9A71CFDC4A3009F900E /* Build configuration list for PBXProject "RuntimeArchiverDemo" */;
			compatibilityVersion = "Xcode 3.2";
			developmentRegion = English;
			hasScannedForEncodings = 0;
			knownRegions = (
				en,
				Base,
			);
			mainGroup = 56B8B9A31CFDC4A3009F900E;
			productRefGroup = 56B8B9AD1CFDC4A3009F900E /* Products */;
			projectDirPath = "";
			projectRoot = "";
			targets = (
				56B8B9AB1CFDC4A3009F900E /* RuntimeArchiverDemo */,
				56B8B9C41CFDC4A4009F900E /* RuntimeArchiverDemoTests */,
				56B8B9CF1CFDC4A4009F900E /* RuntimeArchiverDemoUITests */,
			);
		};
/* End PBXProject section */

/* Begin PBXResourcesBuildPhase section */
		56B8B9AA1CFDC4A3009F900E /* Resources */ = {
			isa = PBXResourcesBuildPhase;
			buildActionMask = 2147483647;
			files = (
				56B8B9BF1CFDC4A4009F900E /* LaunchScreen.storyboard in Resources */,
				56B8B9BC1CFDC4A4009F900E /* Assets.xcassets in Resources */,
				56B8B9BA1CFDC4A4009F900E /* Main.storyboard in Resources */,
			);
			runOnlyForDeploymentPostprocessing = 0;
		};
		56B8B9C31CFDC4A4009F900E /* Resources */ = {
			isa = PBXResourcesBuildPhase;
			buildActionMask = 2147483647;
			files = (
			);
			runOnlyForDeploymentPostprocessing = 0;
		};
		56B8B9CE1CFDC4A4009F900E /* Resources */ = {
			isa = PBXResourcesBuildPhase;
			buildActionMask = 2147483647;
			files = (
			);
			runOnlyForDeploymentPostprocessing = 0;
		};
/* End PBXResourcesBuildPhase section */

/* Begin PBXSourcesBuildPhase section */
		56B8B9A81CFDC4A3009F900E /* Sources */ = {
			isa = PBXSourcesBuildPhase;
			buildActionMask = 2147483647;
			files = (
				56B8B9B71CFDC4A4009F900E /* ViewController.m in Sources */,
				56B8B9E71CFDC4E4009F900E /* APStudent.m in Sources */,
				56B8B9E41CFDC4D4009F900E /* APBaseModel.m in Sources */,
				56B8B9B41CFDC4A4009F900E /* AppDelegate.m in Sources */,
				56B8B9B11CFDC4A4009F900E /* main.m in Sources */,
			);
			runOnlyForDeploymentPostprocessing = 0;
		};
		56B8B9C11CFDC4A4009F900E /* Sources */ = {
			isa = PBXSourcesBuildPhase;
			buildActionMask = 2147483647;
			files = (
				56B8B9CA1CFDC4A4009F900E /* RuntimeArchiverDemoTests.m in Sources */,
			);
			runOnlyForDeploymentPostprocessing = 0;
		};
		56B8B9CC1CFDC4A4009F900E /* Sources */ = {
			isa = PBXSourcesBuildPhase;
			buildActionMask = 2147483647;
			files = (
				56B8B9D51CFDC4A4009F900E /* RuntimeArchiverDemoUITests.m in Sources */,
			);
			runOnlyForDeploymentPostprocessing = 0;
		};
/* End PBXSourcesBuildPhase section */

/* Begin PBXTargetDependency section */
		56B8B9C71CFDC4A4009F900E /* PBXTargetDependency */ = {
			isa = PBXTargetDependency;
			target = 56B8B9AB1CFDC4A3009F900E /* RuntimeArchiverDemo */;
			targetProxy = 56B8B9C61CFDC4A4009F900E /* PBXContainerItemProxy */;
		};
		56B8B9D21CFDC4A4009F900E /* PBXTargetDependency */ = {
			isa = PBXTargetDependency;
			target = 56B8B9AB1CFDC4A3009F900E /* RuntimeArchiverDemo */;
			targetProxy = 56B8B9D11CFDC4A4009F900E /* PBXContainerItemProxy */;
		};
/* End PBXTargetDependency section */

/* Begin PBXVariantGroup section */
		56B8B9B81CFDC4A4009F900E /* Main.storyboard */ = {
			isa = PBXVariantGroup;
			children = (
				56B8B9B91CFDC4A4009F900E /* Base */,
			);
			name = Main.storyboard;
			sourceTree = "<group>";
		};
		56B8B9BD1CFDC4A4009F900E /* LaunchScreen.storyboard */ = {
			isa = PBXVariantGroup;
			children = (
				56B8B9BE1CFDC4A4009F900E /* Base */,
			);
			name = LaunchScreen.storyboard;
			sourceTree = "<group>";
		};
/* End PBXVariantGroup section */

/* Begin XCBuildConfiguration section */
		56B8B9D71CFDC4A4009F900E /* Debug */ = {
			isa = XCBuildConfiguration;
			buildSettings = {
				ALWAYS_SEARCH_USER_PATHS = NO;
				CLANG_ANALYZER_NONNULL = YES;
				CLANG_CXX_LANGUAGE_STANDARD = "gnu++0x";
				CLANG_CXX_LIBRARY = "libc++";
				CLANG_ENABLE_MODULES = YES;
				CLANG_ENABLE_OBJC_ARC = YES;
				CLANG_WARN_BOOL_CONVERSION = YES;
				CLANG_WARN_CONSTANT_CONVERSION = YES;
				CLANG_WARN_DIRECT_OBJC_ISA_USAGE = YES_ERROR;
				CLANG_WARN_EMPTY_BODY = YES;
				CLANG_WARN_ENUM_CONVERSION = YES;
				CLANG_WARN_INT_CONVERSION = YES;
				CLANG_WARN_OBJC_ROOT_CLASS = YES_ERROR;
				CLANG_WARN_UNREACHABLE_CODE = YES;
				CLANG_WARN__DUPLICATE_METHOD_MATCH = YES;
				"CODE_SIGN_IDENTITY[sdk=iphoneos*]" = "iPhone Developer";
				COPY_PHASE_STRIP = NO;
				DEBUG_INFORMATION_FORMAT = dwarf;
				ENABLE_STRICT_OBJC_MSGSEND = YES;
				ENABLE_TESTABILITY = YES;
				GCC_C_LANGUAGE_STANDARD = gnu99;
				GCC_DYNAMIC_NO_PIC = NO;
				GCC_NO_COMMON_BLOCKS = YES;
				GCC_OPTIMIZATION_LEVEL = 0;
				GCC_PREPROCESSOR_DEFINITIONS = (
					"DEBUG=1",
					"$(inherited)",
				);
				GCC_WARN_64_TO_32_BIT_CONVERSION = YES;
				GCC_WARN_ABOUT_RETURN_TYPE = YES_ERROR;
				GCC_WARN_UNDECLARED_SELECTOR = YES;
				GCC_WARN_UNINITIALIZED_AUTOS = YES_AGGRESSIVE;
				GCC_WARN_UNUSED_FUNCTION = YES;
				GCC_WARN_UNUSED_VARIABLE = YES;
				IPHONEOS_DEPLOYMENT_TARGET = 9.3;
				MTL_ENABLE_DEBUG_INFO = YES;
				ONLY_ACTIVE_ARCH = YES;
				SDKROOT = iphoneos;
			};
			name = Debug;
		};
		56B8B9D81CFDC4A4009F900E /* Release */ = {
			isa = XCBuildConfiguration;
			buildSettings = {
				ALWAYS_SEARCH_USER_PATHS = NO;
				CLANG_ANALYZER_NONNULL = YES;
				CLANG_CXX_LANGUAGE_STANDARD = "gnu++0x";
				CLANG_CXX_LIBRARY = "libc++";
				CLANG_ENABLE_MODULES = YES;
				CLANG_ENABLE_OBJC_ARC = YES;
				CLANG_WARN_BOOL_CONVERSION = YES;
				CLANG_WARN_CONSTANT_CONVERSION = YES;
				CLANG_WARN_DIRECT_OBJC_ISA_USAGE = YES_ERROR;
				CLANG_WARN_EMPTY_BODY = YES;
				CLANG_WARN_ENUM_CONVERSION = YES;
				CLANG_WARN_INT_CONVERSION = YES;
				CLANG_WARN_OBJC_ROOT_CLASS = YES_ERROR;
				CLANG_WARN_UNREACHABLE_CODE = YES;
				CLANG_WARN__DUPLICATE_METHOD_MATCH = YES;
				"CODE_SIGN_IDENTITY[sdk=iphoneos*]" = "iPhone Developer";
				COPY_PHASE_STRIP = NO;
				DEBUG_INFORMATION_FORMAT = "dwarf-with-dsym";
				ENABLE_NS_ASSERTIONS = NO;
				ENABLE_STRICT_OBJC_MSGSEND = YES;
				GCC_C_LANGUAGE_STANDARD = gnu99;
				GCC_NO_COMMON_BLOCKS = YES;
				GCC_WARN_64_TO_32_BIT_CONVERSION = YES;
				GCC_WARN_ABOUT_RETURN_TYPE = YES_ERROR;
				GCC_WARN_UNDECLARED_SELECTOR = YES;
				GCC_WARN_UNINITIALIZED_AUTOS = YES_AGGRESSIVE;
				GCC_WARN_UNUSED_FUNCTION = YES;
				GCC_WARN_UNUSED_VARIABLE = YES;
				IPHONEOS_DEPLOYMENT_TARGET = 9.3;
				MTL_ENABLE_DEBUG_INFO = NO;
				SDKROOT = iphoneos;
				VALIDATE_PRODUCT = YES;
			};
			name = Release;
		};
		56B8B9DA1CFDC4A4009F900E /* Debug */ = {
			isa = XCBuildConfiguration;
			buildSettings = {
				ASSETCATALOG_COMPILER_APPICON_NAME = AppIcon;
				INFOPLIST_FILE = RuntimeArchiverDemo/Info.plist;
				LD_RUNPATH_SEARCH_PATHS = "$(inherited) @executable_path/Frameworks";
				PRODUCT_BUNDLE_IDENTIFIER = CharlesAn.RuntimeArchiverDemo;
				PRODUCT_NAME = "$(TARGET_NAME)";
			};
			name = Debug;
		};
		56B8B9DB1CFDC4A4009F900E /* Release */ = {
			isa = XCBuildConfiguration;
			buildSettings = {
				ASSETCATALOG_COMPILER_APPICON_NAME = AppIcon;
				INFOPLIST_FILE = RuntimeArchiverDemo/Info.plist;
				LD_RUNPATH_SEARCH_PATHS = "$(inherited) @executable_path/Frameworks";
				PRODUCT_BUNDLE_IDENTIFIER = CharlesAn.RuntimeArchiverDemo;
				PRODUCT_NAME = "$(TARGET_NAME)";
			};
			name = Release;
		};
		56B8B9DD1CFDC4A4009F900E /* Debug */ = {
			isa = XCBuildConfiguration;
			buildSettings = {
				BUNDLE_LOADER = "$(TEST_HOST)";
				INFOPLIST_FILE = RuntimeArchiverDemoTests/Info.plist;
				LD_RUNPATH_SEARCH_PATHS = "$(inherited) @executable_path/Frameworks @loader_path/Frameworks";
				PRODUCT_BUNDLE_IDENTIFIER = CharlesAn.RuntimeArchiverDemoTests;
				PRODUCT_NAME = "$(TARGET_NAME)";
				TEST_HOST = "$(BUILT_PRODUCTS_DIR)/RuntimeArchiverDemo.app/RuntimeArchiverDemo";
			};
			name = Debug;
		};
		56B8B9DE1CFDC4A4009F900E /* Release */ = {
			isa = XCBuildConfiguration;
			buildSettings = {
				BUNDLE_LOADER = "$(TEST_HOST)";
				INFOPLIST_FILE = RuntimeArchiverDemoTests/Info.plist;
				LD_RUNPATH_SEARCH_PATHS = "$(inherited) @executable_path/Frameworks @loader_path/Frameworks";
				PRODUCT_BUNDLE_IDENTIFIER = CharlesAn.RuntimeArchiverDemoTests;
				PRODUCT_NAME = "$(TARGET_NAME)";
				TEST_HOST = "$(BUILT_PRODUCTS_DIR)/RuntimeArchiverDemo.app/RuntimeArchiverDemo";
			};
			name = Release;
		};
		56B8B9E01CFDC4A4009F900E /* Debug */ = {
			isa = XCBuildConfiguration;
			buildSettings = {
				INFOPLIST_FILE = RuntimeArchiverDemoUITests/Info.plist;
				LD_RUNPATH_SEARCH_PATHS = "$(inherited) @executable_path/Frameworks @loader_path/Frameworks";
				PRODUCT_BUNDLE_IDENTIFIER = CharlesAn.RuntimeArchiverDemoUITests;
				PRODUCT_NAME = "$(TARGET_NAME)";
				TEST_TARGET_NAME = RuntimeArchiverDemo;
			};
			name = Debug;
		};
		56B8B9E11CFDC4A4009F900E /* Release */ = {
			isa = XCBuildConfiguration;
			buildSettings = {
				INFOPLIST_FILE = RuntimeArchiverDemoUITests/Info.plist;
				LD_RUNPATH_SEARCH_PATHS = "$(inherited) @executable_path/Frameworks @loader_path/Frameworks";
				PRODUCT_BUNDLE_IDENTIFIER = CharlesAn.RuntimeArchiverDemoUITests;
				PRODUCT_NAME = "$(TARGET_NAME)";
				TEST_TARGET_NAME = RuntimeArchiverDemo;
			};
			name = Release;
		};
/* End XCBuildConfiguration section */

/* Begin XCConfigurationList section */
		56B8B9A71CFDC4A3009F900E /* Build configuration list for PBXProject "RuntimeArchiverDemo" */ = {
			isa = XCConfigurationList;
			buildConfigurations = (
				56B8B9D71CFDC4A4009F900E /* Debug */,
				56B8B9D81CFDC4A4009F900E /* Release */,
			);
			defaultConfigurationIsVisible = 0;
			defaultConfigurationName = Release;
		};
		56B8B9D91CFDC4A4009F900E /* Build configuration list for PBXNativeTarget "RuntimeArchiverDemo" */ = {
			isa = XCConfigurationList;
			buildConfigurations = (
				56B8B9DA1CFDC4A4009F900E /* Debug */,
				56B8B9DB1CFDC4A4009F900E /* Release */,
			);
			defaultConfigurationIsVisible = 0;
		};
		56B8B9DC1CFDC4A4009F900E /* Build configuration list for PBXNativeTarget "RuntimeArchiverDemoTests" */ = {
			isa = XCConfigurationList;
			buildConfigurations = (
				56B8B9DD1CFDC4A4009F900E /* Debug */,
				56B8B9DE1CFDC4A4009F900E /* Release */,
			);
			defaultConfigurationIsVisible = 0;
		};
		56B8B9DF1CFDC4A4009F900E /* Build configuration list for PBXNativeTarget "RuntimeArchiverDemoUITests" */ = {
			isa = XCConfigurationList;
			buildConfigurations = (
				56B8B9E01CFDC4A4009F900E /* Debug */,
				56B8B9E11CFDC4A4009F900E /* Release */,
			);
			defaultConfigurationIsVisible = 0;
		};
/* End XCConfigurationList section */
	};
	rootObject = 56B8B9A41CFDC4A3009F900E /* Project object */;
}
